{
  "requires": true,
  "lockfileVersion": 1,
  "dependencies": {
    "lodash": {
      "version": "4.17.11",
      "resolved": "https://registry.npmjs.org/lodash/-/lodash-4.17.11.tgz",
      "integrity": "sha512-cQKh8igo5QUhZ7lg38DYWAxMvjSAKG0A8wGSVimP07SIUEK2UO+arSRKbRZWtelMtN5V0Hkwh5ryOto/SshYIg=="
    },
    "lodash.product": {
      "version": "18.9.19",
      "resolved": "https://registry.npmjs.org/lodash.product/-/lodash.product-18.9.19.tgz",
      "integrity": "sha512-yPX6KO0jveBR/DjSngqvUEynWTb4oJwB8g5WseShPzX0CO8pjX1gxlR5Fo7V3E81uPDc9mEuNVw3Ah6df9uy0g=="
    }
  }
}
